
Microsoft Visual Studio Solution File, Format Version 12.00
# Visual Studio Version 17
VisualStudioVersion = 17.3.32825.248
MinimumVisualStudioVersion = 10.0.40219.1
Project("{2150E333-8FDC-42A3-9474-1A3956D46DE8}") = "SimpleThreads", "SimpleThreads", "{444E181F-3369-43A7-AB57-EA71C95DB207}"
EndProject
Project("{9A19103F-16F7-4668-BE54-9A1E7A4F7556}") = "01_Threads", "SimpleThreads\01_Threads\01_Threads.csproj", "{A7A8D86D-0F74-4954-98C1-BEB1A9373327}"
EndProject
Project("{9A19103F-16F7-4668-BE54-9A1E7A4F7556}") = "02_Threads", "SimpleThreads\02_Threads\02_Threads.csproj", "{4BFDB178-72EF-4AB0-BEC0-8A2991D68207}"
EndProject
Project("{9A19103F-16F7-4668-BE54-9A1E7A4F7556}") = "03_Metanit", "SimpleThreads\03_Metanit\03_Metanit.csproj", "{4FA8B03E-110B-4B2D-BF15-02B35C32375D}"
EndProject
Project("{9A19103F-16F7-4668-BE54-9A1E7A4F7556}") = "04_Threads", "SimpleThreads\04_Threads\04_Threads.csproj", "{BEFD6206-A797-4C00-A9E4-6B5F9C103626}"
EndProject
Project("{9A19103F-16F7-4668-BE54-9A1E7A4F7556}") = "05_Threads", "SimpleThreads\05_Threads\05_Threads.csproj", "{C6845433-C583-42E2-A3D8-D140CC21C40D}"
EndProject
Project("{FAE04EC0-301F-11D3-BF4B-00C04F79EFBC}") = "06_Threads", "SimpleThreads\06_Threads\06_Threads.csproj", "{06BBCED5-2271-4599-AE33-68D6C4F440F0}"
EndProject
Project("{FAE04EC0-301F-11D3-BF4B-00C04F79EFBC}") = "07_Threads", "SimpleThreads\07_Threads\07_Threads.csproj", "{D355BF07-31D0-4654-8F71-8E01C090AA78}"
EndProject
Global
	GlobalSection(SolutionConfigurationPlatforms) = preSolution
		Debug|Any CPU = Debug|Any CPU
		Release|Any CPU = Release|Any CPU
	EndGlobalSection
	GlobalSection(ProjectConfigurationPlatforms) = postSolution
		{A7A8D86D-0F74-4954-98C1-BEB1A9373327}.Debug|Any CPU.ActiveCfg = Debug|Any CPU
		{A7A8D86D-0F74-4954-98C1-BEB1A9373327}.Debug|Any CPU.Build.0 = Debug|Any CPU
		{A7A8D86D-0F74-4954-98C1-BEB1A9373327}.Release|Any CPU.ActiveCfg = Release|Any CPU
		{A7A8D86D-0F74-4954-98C1-BEB1A9373327}.Release|Any CPU.Build.0 = Release|Any CPU
		{4BFDB178-72EF-4AB0-BEC0-8A2991D68207}.Debug|Any CPU.ActiveCfg = Debug|Any CPU
		{4BFDB178-72EF-4AB0-BEC0-8A2991D68207}.Debug|Any CPU.Build.0 = Debug|Any CPU
		{4BFDB178-72EF-4AB0-BEC0-8A2991D68207}.Release|Any CPU.ActiveCfg = Release|Any CPU
		{4BFDB178-72EF-4AB0-BEC0-8A2991D68207}.Release|Any CPU.Build.0 = Release|Any CPU
		{4FA8B03E-110B-4B2D-BF15-02B35C32375D}.Debug|Any CPU.ActiveCfg = Debug|Any CPU
		{4FA8B03E-110B-4B2D-BF15-02B35C32375D}.Debug|Any CPU.Build.0 = Debug|Any CPU
		{4FA8B03E-110B-4B2D-BF15-02B35C32375D}.Release|Any CPU.ActiveCfg = Release|Any CPU
		{4FA8B03E-110B-4B2D-BF15-02B35C32375D}.Release|Any CPU.Build.0 = Release|Any CPU
		{BEFD6206-A797-4C00-A9E4-6B5F9C103626}.Debug|Any CPU.ActiveCfg = Debug|Any CPU
		{BEFD6206-A797-4C00-A9E4-6B5F9C103626}.Debug|Any CPU.Build.0 = Debug|Any CPU
		{BEFD6206-A797-4C00-A9E4-6B5F9C103626}.Release|Any CPU.ActiveCfg = Release|Any CPU
		{BEFD6206-A797-4C00-A9E4-6B5F9C103626}.Release|Any CPU.Build.0 = Release|Any CPU
		{C6845433-C583-42E2-A3D8-D140CC21C40D}.Debug|Any CPU.ActiveCfg = Debug|Any CPU
		{C6845433-C583-42E2-A3D8-D140CC21C40D}.Debug|Any CPU.Build.0 = Debug|Any CPU
		{C6845433-C583-42E2-A3D8-D140CC21C40D}.Release|Any CPU.ActiveCfg = Release|Any CPU
		{C6845433-C583-42E2-A3D8-D140CC21C40D}.Release|Any CPU.Build.0 = Release|Any CPU
		{06BBCED5-2271-4599-AE33-68D6C4F440F0}.Debug|Any CPU.ActiveCfg = Debug|Any CPU
		{06BBCED5-2271-4599-AE33-68D6C4F440F0}.Debug|Any CPU.Build.0 = Debug|Any CPU
		{06BBCED5-2271-4599-AE33-68D6C4F440F0}.Release|Any CPU.ActiveCfg = Release|Any CPU
		{06BBCED5-2271-4599-AE33-68D6C4F440F0}.Release|Any CPU.Build.0 = Release|Any CPU
		{D355BF07-31D0-4654-8F71-8E01C090AA78}.Debug|Any CPU.ActiveCfg = Debug|Any CPU
		{D355BF07-31D0-4654-8F71-8E01C090AA78}.Debug|Any CPU.Build.0 = Debug|Any CPU
		{D355BF07-31D0-4654-8F71-8E01C090AA78}.Release|Any CPU.ActiveCfg = Release|Any CPU
		{D355BF07-31D0-4654-8F71-8E01C090AA78}.Release|Any CPU.Build.0 = Release|Any CPU
	EndGlobalSection
	GlobalSection(SolutionProperties) = preSolution
		HideSolutionNode = FALSE
	EndGlobalSection
	GlobalSection(NestedProjects) = preSolution
		{A7A8D86D-0F74-4954-98C1-BEB1A9373327} = {444E181F-3369-43A7-AB57-EA71C95DB207}
		{4BFDB178-72EF-4AB0-BEC0-8A2991D68207} = {444E181F-3369-43A7-AB57-EA71C95DB207}
		{4FA8B03E-110B-4B2D-BF15-02B35C32375D} = {444E181F-3369-43A7-AB57-EA71C95DB207}
		{BEFD6206-A797-4C00-A9E4-6B5F9C103626} = {444E181F-3369-43A7-AB57-EA71C95DB207}
		{C6845433-C583-42E2-A3D8-D140CC21C40D} = {444E181F-3369-43A7-AB57-EA71C95DB207}
		{06BBCED5-2271-4599-AE33-68D6C4F440F0} = {444E181F-3369-43A7-AB57-EA71C95DB207}
		{D355BF07-31D0-4654-8F71-8E01C090AA78} = {444E181F-3369-43A7-AB57-EA71C95DB207}
	EndGlobalSection
	GlobalSection(ExtensibilityGlobals) = postSolution
		SolutionGuid = {DFADBF70-59BB-428F-B959-BCC77901B387}
	EndGlobalSection
EndGlobal
