
Microsoft Visual Studio Solution File, Format Version 12.00
# Visual Studio Version 17
VisualStudioVersion = 17.3.32825.248
MinimumVisualStudioVersion = 10.0.40219.1
Project("{2150E333-8FDC-42A3-9474-1A3956D46DE8}") = "01_SimpleThreads", "01_SimpleThreads", "{444E181F-3369-43A7-AB57-EA71C95DB207}"
EndProject
Project("{9A19103F-16F7-4668-BE54-9A1E7A4F7556}") = "01_Threads", "SimpleThreads\01_Threads\01_Threads.csproj", "{A7A8D86D-0F74-4954-98C1-BEB1A9373327}"
EndProject
Project("{9A19103F-16F7-4668-BE54-9A1E7A4F7556}") = "02_Threads", "SimpleThreads\02_Threads\02_Threads.csproj", "{4BFDB178-72EF-4AB0-BEC0-8A2991D68207}"
EndProject
Project("{9A19103F-16F7-4668-BE54-9A1E7A4F7556}") = "03_Metanit", "SimpleThreads\03_Metanit\03_Metanit.csproj", "{4FA8B03E-110B-4B2D-BF15-02B35C32375D}"
EndProject
Project("{9A19103F-16F7-4668-BE54-9A1E7A4F7556}") = "04_Threads", "SimpleThreads\04_Threads\04_Threads.csproj", "{BEFD6206-A797-4C00-A9E4-6B5F9C103626}"
EndProject
Project("{9A19103F-16F7-4668-BE54-9A1E7A4F7556}") = "05_Threads", "SimpleThreads\05_Threads\05_Threads.csproj", "{C6845433-C583-42E2-A3D8-D140CC21C40D}"
EndProject
Project("{9A19103F-16F7-4668-BE54-9A1E7A4F7556}") = "06_Threads", "SimpleThreads\06_Threads\06_Threads.csproj", "{06BBCED5-2271-4599-AE33-68D6C4F440F0}"
EndProject
Project("{9A19103F-16F7-4668-BE54-9A1E7A4F7556}") = "07_Threads", "SimpleThreads\07_Threads\07_Threads.csproj", "{D355BF07-31D0-4654-8F71-8E01C090AA78}"
EndProject
Project("{2150E333-8FDC-42A3-9474-1A3956D46DE8}") = "02_CriticalSection", "02_CriticalSection", "{A7B50F5E-B55C-40EA-9E91-84AD709C3620}"
EndProject
Project("{9A19103F-16F7-4668-BE54-9A1E7A4F7556}") = "01_CriticalSection", "CriticalSection\01_CriticalSection\01_CriticalSection.csproj", "{DA02956E-0208-418C-9E58-B38E2FC17734}"
EndProject
Project("{9A19103F-16F7-4668-BE54-9A1E7A4F7556}") = "02_CriticalSection", "CriticalSection\02_CriticalSection\02_CriticalSection.csproj", "{19040AEA-D78A-4C76-93B1-734C76C72323}"
EndProject
Project("{9A19103F-16F7-4668-BE54-9A1E7A4F7556}") = "03_CriticalSection", "CriticalSection\03_CriticalSection\03_CriticalSection.csproj", "{4ACD9E34-E371-4DA2-9B19-39E1A73992C9}"
EndProject
Project("{2150E333-8FDC-42A3-9474-1A3956D46DE8}") = "03_Threads", "03_Threads", "{6ADBB24F-E705-41D1-8CBA-CB9320D19250}"
EndProject
Project("{2150E333-8FDC-42A3-9474-1A3956D46DE8}") = "01_Join", "01_Join", "{EE0DDA91-1E84-4724-9DED-F3D32DB778B5}"
EndProject
Project("{9A19103F-16F7-4668-BE54-9A1E7A4F7556}") = "01_Join", "Threads\Join\01_Join\01_Join.csproj", "{D2D448FD-1EFF-40B1-8724-B1B84CDA7542}"
EndProject
Project("{9A19103F-16F7-4668-BE54-9A1E7A4F7556}") = "02_Join", "Threads\Join\02_Join\02_Join.csproj", "{D2386C99-5354-404F-930E-688079257531}"
EndProject
Project("{9A19103F-16F7-4668-BE54-9A1E7A4F7556}") = "03_Recursion", "Threads\Join\03_Recursion\03_Recursion.csproj", "{DCD96247-A918-4507-9DFE-16E33E9BF22B}"
EndProject
Project("{2150E333-8FDC-42A3-9474-1A3956D46DE8}") = "02_Priority", "02_Priority", "{E47777AE-A081-4423-B364-DF0466E5D5B8}"
EndProject
Project("{9A19103F-16F7-4668-BE54-9A1E7A4F7556}") = "Priority", "Threads\Priority\Priority.csproj", "{C0447DE5-70A8-4C67-9691-5F6CB36CFF4F}"
EndProject
Project("{2150E333-8FDC-42A3-9474-1A3956D46DE8}") = "03_Interlocked", "03_Interlocked", "{17CC0F97-776D-4F4F-900D-C38CBAD699DF}"
EndProject
Project("{9A19103F-16F7-4668-BE54-9A1E7A4F7556}") = "01_Interlocked", "Threads\Interlocked\01_Interlocked\01_Interlocked.csproj", "{5B4F7E91-1099-472F-9D42-F641F2678D92}"
EndProject
Project("{9A19103F-16F7-4668-BE54-9A1E7A4F7556}") = "02_ManualLock", "Threads\Interlocked\02_ManualLock\02_ManualLock.csproj", "{3797E146-14B9-4615-9979-7EBB29B1F0F3}"
EndProject
Project("{2150E333-8FDC-42A3-9474-1A3956D46DE8}") = "04_Monitor", "04_Monitor", "{2EE6E7A9-A8DF-4042-9C0E-4B0CDA61FB47}"
EndProject
Project("{9A19103F-16F7-4668-BE54-9A1E7A4F7556}") = "01_Monitor", "Threads\Monitor\01_Monitor\01_Monitor.csproj", "{B5DE64F5-4675-41D6-A28C-B4306A62B4A5}"
EndProject
Project("{9A19103F-16F7-4668-BE54-9A1E7A4F7556}") = "02_Lock", "Threads\Monitor\02_Lock\02_Lock.csproj", "{95A5162F-E665-4AC6-B30C-915CCC723D91}"
EndProject
Project("{9A19103F-16F7-4668-BE54-9A1E7A4F7556}") = "03_Monitor", "Threads\Monitor\03_Monitor\03_Monitor.csproj", "{8F581A08-E0DD-4349-9830-6D8F2483589F}"
EndProject
Project("{2150E333-8FDC-42A3-9474-1A3956D46DE8}") = "04_Synchronisation", "04_Synchronisation", "{CA19C99B-A28E-4693-AE21-3431BF6CEA73}"
	ProjectSection(SolutionItems) = preProject
		Synchronisation\WaitHandle.png = Synchronisation\WaitHandle.png
	EndProjectSection
EndProject
Project("{9A19103F-16F7-4668-BE54-9A1E7A4F7556}") = "01_Volatile", "Synchronisation\01_Volatile\01_Volatile.csproj", "{386F27DC-D712-4309-9A7C-F2E264897823}"
EndProject
Project("{9A19103F-16F7-4668-BE54-9A1E7A4F7556}") = "02_Volatile", "Synchronisation\02__Volatile\02_Volatile.csproj", "{E2F1B762-A869-48E2-AC6D-C00398C6EA1B}"
EndProject
Project("{9A19103F-16F7-4668-BE54-9A1E7A4F7556}") = "03_AutoResetEvent", "Synchronisation\03_AutoResetEvent\03_AutoResetEvent.csproj", "{289C6CF6-8613-43AA-AE48-D7647A752AAC}"
EndProject
Project("{9A19103F-16F7-4668-BE54-9A1E7A4F7556}") = "04_Mutex", "Synchronisation\04_Mutex\04_Mutex.csproj", "{DA1BDF98-B911-4801-9669-444E3099A769}"
EndProject
Project("{9A19103F-16F7-4668-BE54-9A1E7A4F7556}") = "05_Mutex", "Synchronisation\05_Mutex\05_Mutex.csproj", "{94FB11AA-1E84-48F3-8C4C-E813346B87A0}"
EndProject
Project("{9A19103F-16F7-4668-BE54-9A1E7A4F7556}") = "00_ThreadPool", "Synchronisation\00_ThreadPool\00_ThreadPool.csproj", "{D4CB557A-F8D4-480E-91FF-C985C4BFB1CB}"
EndProject
Project("{9A19103F-16F7-4668-BE54-9A1E7A4F7556}") = "06_Mutex", "Synchronisation\06_Mutex\06_Mutex.csproj", "{697A2362-2821-4F71-8DCC-DDD6FA47EC75}"
EndProject
Project("{9A19103F-16F7-4668-BE54-9A1E7A4F7556}") = "07_Semaphore", "Synchronisation\07_Semaphore\07_Semaphore.csproj", "{2F19AAC0-6F45-43B8-AA1B-95A4903699F0}"
EndProject
Project("{9A19103F-16F7-4668-BE54-9A1E7A4F7556}") = "08_SemaphoreSlim", "Synchronisation\08_SemaphoreSlim\08_SemaphoreSlim.csproj", "{48EC803D-EEA7-4F00-B037-9451DBD0B2BB}"
EndProject
Project("{9A19103F-16F7-4668-BE54-9A1E7A4F7556}") = "09_ManualResetEvent", "Synchronisation\09_ManualResetEvent\09_ManualResetEvent.csproj", "{A760519A-C5A1-4B77-879A-2121821B15D3}"
EndProject
Project("{9A19103F-16F7-4668-BE54-9A1E7A4F7556}") = "10_ManualResetEventSlim", "Synchronisation\10_ManualResetEventSlim\10_ManualResetEventSlim.csproj", "{66B7C6CC-C5B1-4360-9B5B-1B01EC30338B}"
EndProject
Project("{9A19103F-16F7-4668-BE54-9A1E7A4F7556}") = "11_ManualresetEventSlimPerformance", "Synchronisation\11_ManualresetEventSlimPerformance\11_ManualresetEventSlimPerformance.csproj", "{5F55E5B3-1C4D-483F-BBBF-F0DCBF15BD53}"
EndProject
Project("{9A19103F-16F7-4668-BE54-9A1E7A4F7556}") = "12_RegistredWaitHandle_107", "Synchronisation\12_RegistredWaitHandle\12_RegistredWaitHandle_107.csproj", "{66977001-2DB2-44FA-9BD6-A79763E77D9F}"
EndProject
Project("{9A19103F-16F7-4668-BE54-9A1E7A4F7556}") = "13_GlobalEvent", "Synchronisation\13__GlobalEvent\13_GlobalEvent.csproj", "{F4D88188-4A6E-4A78-A129-3143A20D890F}"
EndProject
Project("{9A19103F-16F7-4668-BE54-9A1E7A4F7556}") = "14_Timer", "Synchronisation\14_Timer\14_Timer.csproj", "{2FBE5213-0AB6-4BF7-B181-4BFFAFBFF7B4}"
EndProject
Project("{9A19103F-16F7-4668-BE54-9A1E7A4F7556}") = "15_WaitHandle", "Synchronisation\15_WaitHandle\15_WaitHandle.csproj", "{FD835378-BFF8-4FAE-B346-F67AD8CF306E}"
EndProject
Project("{2150E333-8FDC-42A3-9474-1A3956D46DE8}") = "05_ConcurrentCollections", "05_ConcurrentCollections", "{B640FAAB-637D-4F86-9661-AB6F1CA05E8A}"
EndProject
Project("{9A19103F-16F7-4668-BE54-9A1E7A4F7556}") = "01_ConcurrentBagQueueStack", "ConcurrentCollections\01_ConcurrentBag\01_ConcurrentBagQueueStack.csproj", "{39636DB7-3FBD-46EE-B77D-FB3318CB4945}"
EndProject
Project("{9A19103F-16F7-4668-BE54-9A1E7A4F7556}") = "02_BlockingCollection", "ConcurrentCollections\02_BlockingCollection\02_BlockingCollection.csproj", "{7975A8E3-A13E-4E00-9BF1-1BC16A99EBC3}"
EndProject
Project("{FAE04EC0-301F-11D3-BF4B-00C04F79EFBC}") = "03_ConcurrentDictionary", "ConcurrentCollections\03_ConcurrentDictionary\03_ConcurrentDictionary.csproj", "{EF8A04A3-B6F8-4B05-9059-D9E2D1E84100}"
EndProject
Global
	GlobalSection(SolutionConfigurationPlatforms) = preSolution
		Debug|Any CPU = Debug|Any CPU
		Release|Any CPU = Release|Any CPU
	EndGlobalSection
	GlobalSection(ProjectConfigurationPlatforms) = postSolution
		{A7A8D86D-0F74-4954-98C1-BEB1A9373327}.Debug|Any CPU.ActiveCfg = Debug|Any CPU
		{A7A8D86D-0F74-4954-98C1-BEB1A9373327}.Debug|Any CPU.Build.0 = Debug|Any CPU
		{A7A8D86D-0F74-4954-98C1-BEB1A9373327}.Release|Any CPU.ActiveCfg = Release|Any CPU
		{A7A8D86D-0F74-4954-98C1-BEB1A9373327}.Release|Any CPU.Build.0 = Release|Any CPU
		{4BFDB178-72EF-4AB0-BEC0-8A2991D68207}.Debug|Any CPU.ActiveCfg = Debug|Any CPU
		{4BFDB178-72EF-4AB0-BEC0-8A2991D68207}.Debug|Any CPU.Build.0 = Debug|Any CPU
		{4BFDB178-72EF-4AB0-BEC0-8A2991D68207}.Release|Any CPU.ActiveCfg = Release|Any CPU
		{4BFDB178-72EF-4AB0-BEC0-8A2991D68207}.Release|Any CPU.Build.0 = Release|Any CPU
		{4FA8B03E-110B-4B2D-BF15-02B35C32375D}.Debug|Any CPU.ActiveCfg = Debug|Any CPU
		{4FA8B03E-110B-4B2D-BF15-02B35C32375D}.Debug|Any CPU.Build.0 = Debug|Any CPU
		{4FA8B03E-110B-4B2D-BF15-02B35C32375D}.Release|Any CPU.ActiveCfg = Release|Any CPU
		{4FA8B03E-110B-4B2D-BF15-02B35C32375D}.Release|Any CPU.Build.0 = Release|Any CPU
		{BEFD6206-A797-4C00-A9E4-6B5F9C103626}.Debug|Any CPU.ActiveCfg = Debug|Any CPU
		{BEFD6206-A797-4C00-A9E4-6B5F9C103626}.Debug|Any CPU.Build.0 = Debug|Any CPU
		{BEFD6206-A797-4C00-A9E4-6B5F9C103626}.Release|Any CPU.ActiveCfg = Release|Any CPU
		{BEFD6206-A797-4C00-A9E4-6B5F9C103626}.Release|Any CPU.Build.0 = Release|Any CPU
		{C6845433-C583-42E2-A3D8-D140CC21C40D}.Debug|Any CPU.ActiveCfg = Debug|Any CPU
		{C6845433-C583-42E2-A3D8-D140CC21C40D}.Debug|Any CPU.Build.0 = Debug|Any CPU
		{C6845433-C583-42E2-A3D8-D140CC21C40D}.Release|Any CPU.ActiveCfg = Release|Any CPU
		{C6845433-C583-42E2-A3D8-D140CC21C40D}.Release|Any CPU.Build.0 = Release|Any CPU
		{06BBCED5-2271-4599-AE33-68D6C4F440F0}.Debug|Any CPU.ActiveCfg = Debug|Any CPU
		{06BBCED5-2271-4599-AE33-68D6C4F440F0}.Debug|Any CPU.Build.0 = Debug|Any CPU
		{06BBCED5-2271-4599-AE33-68D6C4F440F0}.Release|Any CPU.ActiveCfg = Release|Any CPU
		{06BBCED5-2271-4599-AE33-68D6C4F440F0}.Release|Any CPU.Build.0 = Release|Any CPU
		{D355BF07-31D0-4654-8F71-8E01C090AA78}.Debug|Any CPU.ActiveCfg = Debug|Any CPU
		{D355BF07-31D0-4654-8F71-8E01C090AA78}.Debug|Any CPU.Build.0 = Debug|Any CPU
		{D355BF07-31D0-4654-8F71-8E01C090AA78}.Release|Any CPU.ActiveCfg = Release|Any CPU
		{D355BF07-31D0-4654-8F71-8E01C090AA78}.Release|Any CPU.Build.0 = Release|Any CPU
		{DA02956E-0208-418C-9E58-B38E2FC17734}.Debug|Any CPU.ActiveCfg = Debug|Any CPU
		{DA02956E-0208-418C-9E58-B38E2FC17734}.Debug|Any CPU.Build.0 = Debug|Any CPU
		{DA02956E-0208-418C-9E58-B38E2FC17734}.Release|Any CPU.ActiveCfg = Release|Any CPU
		{DA02956E-0208-418C-9E58-B38E2FC17734}.Release|Any CPU.Build.0 = Release|Any CPU
		{19040AEA-D78A-4C76-93B1-734C76C72323}.Debug|Any CPU.ActiveCfg = Debug|Any CPU
		{19040AEA-D78A-4C76-93B1-734C76C72323}.Debug|Any CPU.Build.0 = Debug|Any CPU
		{19040AEA-D78A-4C76-93B1-734C76C72323}.Release|Any CPU.ActiveCfg = Release|Any CPU
		{19040AEA-D78A-4C76-93B1-734C76C72323}.Release|Any CPU.Build.0 = Release|Any CPU
		{4ACD9E34-E371-4DA2-9B19-39E1A73992C9}.Debug|Any CPU.ActiveCfg = Debug|Any CPU
		{4ACD9E34-E371-4DA2-9B19-39E1A73992C9}.Debug|Any CPU.Build.0 = Debug|Any CPU
		{4ACD9E34-E371-4DA2-9B19-39E1A73992C9}.Release|Any CPU.ActiveCfg = Release|Any CPU
		{4ACD9E34-E371-4DA2-9B19-39E1A73992C9}.Release|Any CPU.Build.0 = Release|Any CPU
		{D2D448FD-1EFF-40B1-8724-B1B84CDA7542}.Debug|Any CPU.ActiveCfg = Debug|Any CPU
		{D2D448FD-1EFF-40B1-8724-B1B84CDA7542}.Debug|Any CPU.Build.0 = Debug|Any CPU
		{D2D448FD-1EFF-40B1-8724-B1B84CDA7542}.Release|Any CPU.ActiveCfg = Release|Any CPU
		{D2D448FD-1EFF-40B1-8724-B1B84CDA7542}.Release|Any CPU.Build.0 = Release|Any CPU
		{D2386C99-5354-404F-930E-688079257531}.Debug|Any CPU.ActiveCfg = Debug|Any CPU
		{D2386C99-5354-404F-930E-688079257531}.Debug|Any CPU.Build.0 = Debug|Any CPU
		{D2386C99-5354-404F-930E-688079257531}.Release|Any CPU.ActiveCfg = Release|Any CPU
		{D2386C99-5354-404F-930E-688079257531}.Release|Any CPU.Build.0 = Release|Any CPU
		{DCD96247-A918-4507-9DFE-16E33E9BF22B}.Debug|Any CPU.ActiveCfg = Debug|Any CPU
		{DCD96247-A918-4507-9DFE-16E33E9BF22B}.Debug|Any CPU.Build.0 = Debug|Any CPU
		{DCD96247-A918-4507-9DFE-16E33E9BF22B}.Release|Any CPU.ActiveCfg = Release|Any CPU
		{DCD96247-A918-4507-9DFE-16E33E9BF22B}.Release|Any CPU.Build.0 = Release|Any CPU
		{C0447DE5-70A8-4C67-9691-5F6CB36CFF4F}.Debug|Any CPU.ActiveCfg = Debug|Any CPU
		{C0447DE5-70A8-4C67-9691-5F6CB36CFF4F}.Debug|Any CPU.Build.0 = Debug|Any CPU
		{C0447DE5-70A8-4C67-9691-5F6CB36CFF4F}.Release|Any CPU.ActiveCfg = Release|Any CPU
		{C0447DE5-70A8-4C67-9691-5F6CB36CFF4F}.Release|Any CPU.Build.0 = Release|Any CPU
		{5B4F7E91-1099-472F-9D42-F641F2678D92}.Debug|Any CPU.ActiveCfg = Debug|Any CPU
		{5B4F7E91-1099-472F-9D42-F641F2678D92}.Debug|Any CPU.Build.0 = Debug|Any CPU
		{5B4F7E91-1099-472F-9D42-F641F2678D92}.Release|Any CPU.ActiveCfg = Release|Any CPU
		{5B4F7E91-1099-472F-9D42-F641F2678D92}.Release|Any CPU.Build.0 = Release|Any CPU
		{3797E146-14B9-4615-9979-7EBB29B1F0F3}.Debug|Any CPU.ActiveCfg = Debug|Any CPU
		{3797E146-14B9-4615-9979-7EBB29B1F0F3}.Debug|Any CPU.Build.0 = Debug|Any CPU
		{3797E146-14B9-4615-9979-7EBB29B1F0F3}.Release|Any CPU.ActiveCfg = Release|Any CPU
		{3797E146-14B9-4615-9979-7EBB29B1F0F3}.Release|Any CPU.Build.0 = Release|Any CPU
		{B5DE64F5-4675-41D6-A28C-B4306A62B4A5}.Debug|Any CPU.ActiveCfg = Debug|Any CPU
		{B5DE64F5-4675-41D6-A28C-B4306A62B4A5}.Debug|Any CPU.Build.0 = Debug|Any CPU
		{B5DE64F5-4675-41D6-A28C-B4306A62B4A5}.Release|Any CPU.ActiveCfg = Release|Any CPU
		{B5DE64F5-4675-41D6-A28C-B4306A62B4A5}.Release|Any CPU.Build.0 = Release|Any CPU
		{95A5162F-E665-4AC6-B30C-915CCC723D91}.Debug|Any CPU.ActiveCfg = Debug|Any CPU
		{95A5162F-E665-4AC6-B30C-915CCC723D91}.Debug|Any CPU.Build.0 = Debug|Any CPU
		{95A5162F-E665-4AC6-B30C-915CCC723D91}.Release|Any CPU.ActiveCfg = Release|Any CPU
		{95A5162F-E665-4AC6-B30C-915CCC723D91}.Release|Any CPU.Build.0 = Release|Any CPU
		{8F581A08-E0DD-4349-9830-6D8F2483589F}.Debug|Any CPU.ActiveCfg = Debug|Any CPU
		{8F581A08-E0DD-4349-9830-6D8F2483589F}.Debug|Any CPU.Build.0 = Debug|Any CPU
		{8F581A08-E0DD-4349-9830-6D8F2483589F}.Release|Any CPU.ActiveCfg = Release|Any CPU
		{8F581A08-E0DD-4349-9830-6D8F2483589F}.Release|Any CPU.Build.0 = Release|Any CPU
		{386F27DC-D712-4309-9A7C-F2E264897823}.Debug|Any CPU.ActiveCfg = Debug|Any CPU
		{386F27DC-D712-4309-9A7C-F2E264897823}.Debug|Any CPU.Build.0 = Debug|Any CPU
		{386F27DC-D712-4309-9A7C-F2E264897823}.Release|Any CPU.ActiveCfg = Release|Any CPU
		{386F27DC-D712-4309-9A7C-F2E264897823}.Release|Any CPU.Build.0 = Release|Any CPU
		{E2F1B762-A869-48E2-AC6D-C00398C6EA1B}.Debug|Any CPU.ActiveCfg = Debug|Any CPU
		{E2F1B762-A869-48E2-AC6D-C00398C6EA1B}.Debug|Any CPU.Build.0 = Debug|Any CPU
		{E2F1B762-A869-48E2-AC6D-C00398C6EA1B}.Release|Any CPU.ActiveCfg = Release|Any CPU
		{E2F1B762-A869-48E2-AC6D-C00398C6EA1B}.Release|Any CPU.Build.0 = Release|Any CPU
		{289C6CF6-8613-43AA-AE48-D7647A752AAC}.Debug|Any CPU.ActiveCfg = Debug|Any CPU
		{289C6CF6-8613-43AA-AE48-D7647A752AAC}.Debug|Any CPU.Build.0 = Debug|Any CPU
		{289C6CF6-8613-43AA-AE48-D7647A752AAC}.Release|Any CPU.ActiveCfg = Release|Any CPU
		{289C6CF6-8613-43AA-AE48-D7647A752AAC}.Release|Any CPU.Build.0 = Release|Any CPU
		{DA1BDF98-B911-4801-9669-444E3099A769}.Debug|Any CPU.ActiveCfg = Debug|Any CPU
		{DA1BDF98-B911-4801-9669-444E3099A769}.Debug|Any CPU.Build.0 = Debug|Any CPU
		{DA1BDF98-B911-4801-9669-444E3099A769}.Release|Any CPU.ActiveCfg = Release|Any CPU
		{DA1BDF98-B911-4801-9669-444E3099A769}.Release|Any CPU.Build.0 = Release|Any CPU
		{94FB11AA-1E84-48F3-8C4C-E813346B87A0}.Debug|Any CPU.ActiveCfg = Debug|Any CPU
		{94FB11AA-1E84-48F3-8C4C-E813346B87A0}.Debug|Any CPU.Build.0 = Debug|Any CPU
		{94FB11AA-1E84-48F3-8C4C-E813346B87A0}.Release|Any CPU.ActiveCfg = Release|Any CPU
		{94FB11AA-1E84-48F3-8C4C-E813346B87A0}.Release|Any CPU.Build.0 = Release|Any CPU
		{D4CB557A-F8D4-480E-91FF-C985C4BFB1CB}.Debug|Any CPU.ActiveCfg = Debug|Any CPU
		{D4CB557A-F8D4-480E-91FF-C985C4BFB1CB}.Debug|Any CPU.Build.0 = Debug|Any CPU
		{D4CB557A-F8D4-480E-91FF-C985C4BFB1CB}.Release|Any CPU.ActiveCfg = Release|Any CPU
		{D4CB557A-F8D4-480E-91FF-C985C4BFB1CB}.Release|Any CPU.Build.0 = Release|Any CPU
		{697A2362-2821-4F71-8DCC-DDD6FA47EC75}.Debug|Any CPU.ActiveCfg = Debug|Any CPU
		{697A2362-2821-4F71-8DCC-DDD6FA47EC75}.Debug|Any CPU.Build.0 = Debug|Any CPU
		{697A2362-2821-4F71-8DCC-DDD6FA47EC75}.Release|Any CPU.ActiveCfg = Release|Any CPU
		{697A2362-2821-4F71-8DCC-DDD6FA47EC75}.Release|Any CPU.Build.0 = Release|Any CPU
		{2F19AAC0-6F45-43B8-AA1B-95A4903699F0}.Debug|Any CPU.ActiveCfg = Debug|Any CPU
		{2F19AAC0-6F45-43B8-AA1B-95A4903699F0}.Debug|Any CPU.Build.0 = Debug|Any CPU
		{2F19AAC0-6F45-43B8-AA1B-95A4903699F0}.Release|Any CPU.ActiveCfg = Release|Any CPU
		{2F19AAC0-6F45-43B8-AA1B-95A4903699F0}.Release|Any CPU.Build.0 = Release|Any CPU
		{48EC803D-EEA7-4F00-B037-9451DBD0B2BB}.Debug|Any CPU.ActiveCfg = Debug|Any CPU
		{48EC803D-EEA7-4F00-B037-9451DBD0B2BB}.Debug|Any CPU.Build.0 = Debug|Any CPU
		{48EC803D-EEA7-4F00-B037-9451DBD0B2BB}.Release|Any CPU.ActiveCfg = Release|Any CPU
		{48EC803D-EEA7-4F00-B037-9451DBD0B2BB}.Release|Any CPU.Build.0 = Release|Any CPU
		{A760519A-C5A1-4B77-879A-2121821B15D3}.Debug|Any CPU.ActiveCfg = Debug|Any CPU
		{A760519A-C5A1-4B77-879A-2121821B15D3}.Debug|Any CPU.Build.0 = Debug|Any CPU
		{A760519A-C5A1-4B77-879A-2121821B15D3}.Release|Any CPU.ActiveCfg = Release|Any CPU
		{A760519A-C5A1-4B77-879A-2121821B15D3}.Release|Any CPU.Build.0 = Release|Any CPU
		{66B7C6CC-C5B1-4360-9B5B-1B01EC30338B}.Debug|Any CPU.ActiveCfg = Debug|Any CPU
		{66B7C6CC-C5B1-4360-9B5B-1B01EC30338B}.Debug|Any CPU.Build.0 = Debug|Any CPU
		{66B7C6CC-C5B1-4360-9B5B-1B01EC30338B}.Release|Any CPU.ActiveCfg = Release|Any CPU
		{66B7C6CC-C5B1-4360-9B5B-1B01EC30338B}.Release|Any CPU.Build.0 = Release|Any CPU
		{5F55E5B3-1C4D-483F-BBBF-F0DCBF15BD53}.Debug|Any CPU.ActiveCfg = Debug|Any CPU
		{5F55E5B3-1C4D-483F-BBBF-F0DCBF15BD53}.Debug|Any CPU.Build.0 = Debug|Any CPU
		{5F55E5B3-1C4D-483F-BBBF-F0DCBF15BD53}.Release|Any CPU.ActiveCfg = Release|Any CPU
		{5F55E5B3-1C4D-483F-BBBF-F0DCBF15BD53}.Release|Any CPU.Build.0 = Release|Any CPU
		{66977001-2DB2-44FA-9BD6-A79763E77D9F}.Debug|Any CPU.ActiveCfg = Debug|Any CPU
		{66977001-2DB2-44FA-9BD6-A79763E77D9F}.Debug|Any CPU.Build.0 = Debug|Any CPU
		{66977001-2DB2-44FA-9BD6-A79763E77D9F}.Release|Any CPU.ActiveCfg = Release|Any CPU
		{66977001-2DB2-44FA-9BD6-A79763E77D9F}.Release|Any CPU.Build.0 = Release|Any CPU
		{F4D88188-4A6E-4A78-A129-3143A20D890F}.Debug|Any CPU.ActiveCfg = Debug|Any CPU
		{F4D88188-4A6E-4A78-A129-3143A20D890F}.Debug|Any CPU.Build.0 = Debug|Any CPU
		{F4D88188-4A6E-4A78-A129-3143A20D890F}.Release|Any CPU.ActiveCfg = Release|Any CPU
		{F4D88188-4A6E-4A78-A129-3143A20D890F}.Release|Any CPU.Build.0 = Release|Any CPU
		{2FBE5213-0AB6-4BF7-B181-4BFFAFBFF7B4}.Debug|Any CPU.ActiveCfg = Debug|Any CPU
		{2FBE5213-0AB6-4BF7-B181-4BFFAFBFF7B4}.Debug|Any CPU.Build.0 = Debug|Any CPU
		{2FBE5213-0AB6-4BF7-B181-4BFFAFBFF7B4}.Release|Any CPU.ActiveCfg = Release|Any CPU
		{2FBE5213-0AB6-4BF7-B181-4BFFAFBFF7B4}.Release|Any CPU.Build.0 = Release|Any CPU
		{FD835378-BFF8-4FAE-B346-F67AD8CF306E}.Debug|Any CPU.ActiveCfg = Debug|Any CPU
		{FD835378-BFF8-4FAE-B346-F67AD8CF306E}.Debug|Any CPU.Build.0 = Debug|Any CPU
		{FD835378-BFF8-4FAE-B346-F67AD8CF306E}.Release|Any CPU.ActiveCfg = Release|Any CPU
		{FD835378-BFF8-4FAE-B346-F67AD8CF306E}.Release|Any CPU.Build.0 = Release|Any CPU
		{39636DB7-3FBD-46EE-B77D-FB3318CB4945}.Debug|Any CPU.ActiveCfg = Debug|Any CPU
		{39636DB7-3FBD-46EE-B77D-FB3318CB4945}.Debug|Any CPU.Build.0 = Debug|Any CPU
		{39636DB7-3FBD-46EE-B77D-FB3318CB4945}.Release|Any CPU.ActiveCfg = Release|Any CPU
		{39636DB7-3FBD-46EE-B77D-FB3318CB4945}.Release|Any CPU.Build.0 = Release|Any CPU
		{7975A8E3-A13E-4E00-9BF1-1BC16A99EBC3}.Debug|Any CPU.ActiveCfg = Debug|Any CPU
		{7975A8E3-A13E-4E00-9BF1-1BC16A99EBC3}.Debug|Any CPU.Build.0 = Debug|Any CPU
		{7975A8E3-A13E-4E00-9BF1-1BC16A99EBC3}.Release|Any CPU.ActiveCfg = Release|Any CPU
		{7975A8E3-A13E-4E00-9BF1-1BC16A99EBC3}.Release|Any CPU.Build.0 = Release|Any CPU
		{EF8A04A3-B6F8-4B05-9059-D9E2D1E84100}.Debug|Any CPU.ActiveCfg = Debug|Any CPU
		{EF8A04A3-B6F8-4B05-9059-D9E2D1E84100}.Debug|Any CPU.Build.0 = Debug|Any CPU
		{EF8A04A3-B6F8-4B05-9059-D9E2D1E84100}.Release|Any CPU.ActiveCfg = Release|Any CPU
		{EF8A04A3-B6F8-4B05-9059-D9E2D1E84100}.Release|Any CPU.Build.0 = Release|Any CPU
	EndGlobalSection
	GlobalSection(SolutionProperties) = preSolution
		HideSolutionNode = FALSE
	EndGlobalSection
	GlobalSection(NestedProjects) = preSolution
		{A7A8D86D-0F74-4954-98C1-BEB1A9373327} = {444E181F-3369-43A7-AB57-EA71C95DB207}
		{4BFDB178-72EF-4AB0-BEC0-8A2991D68207} = {444E181F-3369-43A7-AB57-EA71C95DB207}
		{4FA8B03E-110B-4B2D-BF15-02B35C32375D} = {444E181F-3369-43A7-AB57-EA71C95DB207}
		{BEFD6206-A797-4C00-A9E4-6B5F9C103626} = {444E181F-3369-43A7-AB57-EA71C95DB207}
		{C6845433-C583-42E2-A3D8-D140CC21C40D} = {444E181F-3369-43A7-AB57-EA71C95DB207}
		{06BBCED5-2271-4599-AE33-68D6C4F440F0} = {444E181F-3369-43A7-AB57-EA71C95DB207}
		{D355BF07-31D0-4654-8F71-8E01C090AA78} = {444E181F-3369-43A7-AB57-EA71C95DB207}
		{DA02956E-0208-418C-9E58-B38E2FC17734} = {A7B50F5E-B55C-40EA-9E91-84AD709C3620}
		{19040AEA-D78A-4C76-93B1-734C76C72323} = {A7B50F5E-B55C-40EA-9E91-84AD709C3620}
		{4ACD9E34-E371-4DA2-9B19-39E1A73992C9} = {A7B50F5E-B55C-40EA-9E91-84AD709C3620}
		{EE0DDA91-1E84-4724-9DED-F3D32DB778B5} = {6ADBB24F-E705-41D1-8CBA-CB9320D19250}
		{D2D448FD-1EFF-40B1-8724-B1B84CDA7542} = {EE0DDA91-1E84-4724-9DED-F3D32DB778B5}
		{D2386C99-5354-404F-930E-688079257531} = {EE0DDA91-1E84-4724-9DED-F3D32DB778B5}
		{DCD96247-A918-4507-9DFE-16E33E9BF22B} = {EE0DDA91-1E84-4724-9DED-F3D32DB778B5}
		{E47777AE-A081-4423-B364-DF0466E5D5B8} = {6ADBB24F-E705-41D1-8CBA-CB9320D19250}
		{C0447DE5-70A8-4C67-9691-5F6CB36CFF4F} = {E47777AE-A081-4423-B364-DF0466E5D5B8}
		{17CC0F97-776D-4F4F-900D-C38CBAD699DF} = {6ADBB24F-E705-41D1-8CBA-CB9320D19250}
		{5B4F7E91-1099-472F-9D42-F641F2678D92} = {17CC0F97-776D-4F4F-900D-C38CBAD699DF}
		{3797E146-14B9-4615-9979-7EBB29B1F0F3} = {17CC0F97-776D-4F4F-900D-C38CBAD699DF}
		{2EE6E7A9-A8DF-4042-9C0E-4B0CDA61FB47} = {6ADBB24F-E705-41D1-8CBA-CB9320D19250}
		{B5DE64F5-4675-41D6-A28C-B4306A62B4A5} = {2EE6E7A9-A8DF-4042-9C0E-4B0CDA61FB47}
		{95A5162F-E665-4AC6-B30C-915CCC723D91} = {2EE6E7A9-A8DF-4042-9C0E-4B0CDA61FB47}
		{8F581A08-E0DD-4349-9830-6D8F2483589F} = {2EE6E7A9-A8DF-4042-9C0E-4B0CDA61FB47}
		{386F27DC-D712-4309-9A7C-F2E264897823} = {CA19C99B-A28E-4693-AE21-3431BF6CEA73}
		{E2F1B762-A869-48E2-AC6D-C00398C6EA1B} = {CA19C99B-A28E-4693-AE21-3431BF6CEA73}
		{289C6CF6-8613-43AA-AE48-D7647A752AAC} = {CA19C99B-A28E-4693-AE21-3431BF6CEA73}
		{DA1BDF98-B911-4801-9669-444E3099A769} = {CA19C99B-A28E-4693-AE21-3431BF6CEA73}
		{94FB11AA-1E84-48F3-8C4C-E813346B87A0} = {CA19C99B-A28E-4693-AE21-3431BF6CEA73}
		{D4CB557A-F8D4-480E-91FF-C985C4BFB1CB} = {CA19C99B-A28E-4693-AE21-3431BF6CEA73}
		{697A2362-2821-4F71-8DCC-DDD6FA47EC75} = {CA19C99B-A28E-4693-AE21-3431BF6CEA73}
		{2F19AAC0-6F45-43B8-AA1B-95A4903699F0} = {CA19C99B-A28E-4693-AE21-3431BF6CEA73}
		{48EC803D-EEA7-4F00-B037-9451DBD0B2BB} = {CA19C99B-A28E-4693-AE21-3431BF6CEA73}
		{A760519A-C5A1-4B77-879A-2121821B15D3} = {CA19C99B-A28E-4693-AE21-3431BF6CEA73}
		{66B7C6CC-C5B1-4360-9B5B-1B01EC30338B} = {CA19C99B-A28E-4693-AE21-3431BF6CEA73}
		{5F55E5B3-1C4D-483F-BBBF-F0DCBF15BD53} = {CA19C99B-A28E-4693-AE21-3431BF6CEA73}
		{66977001-2DB2-44FA-9BD6-A79763E77D9F} = {CA19C99B-A28E-4693-AE21-3431BF6CEA73}
		{F4D88188-4A6E-4A78-A129-3143A20D890F} = {CA19C99B-A28E-4693-AE21-3431BF6CEA73}
		{2FBE5213-0AB6-4BF7-B181-4BFFAFBFF7B4} = {CA19C99B-A28E-4693-AE21-3431BF6CEA73}
		{FD835378-BFF8-4FAE-B346-F67AD8CF306E} = {CA19C99B-A28E-4693-AE21-3431BF6CEA73}
		{39636DB7-3FBD-46EE-B77D-FB3318CB4945} = {B640FAAB-637D-4F86-9661-AB6F1CA05E8A}
		{7975A8E3-A13E-4E00-9BF1-1BC16A99EBC3} = {B640FAAB-637D-4F86-9661-AB6F1CA05E8A}
		{EF8A04A3-B6F8-4B05-9059-D9E2D1E84100} = {B640FAAB-637D-4F86-9661-AB6F1CA05E8A}
	EndGlobalSection
	GlobalSection(ExtensibilityGlobals) = postSolution
		SolutionGuid = {DFADBF70-59BB-428F-B959-BCC77901B387}
	EndGlobalSection
EndGlobal
