
Microsoft Visual Studio Solution File, Format Version 12.00
# Visual Studio Version 17
VisualStudioVersion = 17.3.32825.248
MinimumVisualStudioVersion = 10.0.40219.1
Project("{2150E333-8FDC-42A3-9474-1A3956D46DE8}") = "SimpleThreads", "SimpleThreads", "{444E181F-3369-43A7-AB57-EA71C95DB207}"
EndProject
Project("{FAE04EC0-301F-11D3-BF4B-00C04F79EFBC}") = "01_Threads", "SimpleThreads\01_Threads\01_Threads.csproj", "{A7A8D86D-0F74-4954-98C1-BEB1A9373327}"
EndProject
Global
	GlobalSection(SolutionConfigurationPlatforms) = preSolution
		Debug|Any CPU = Debug|Any CPU
		Release|Any CPU = Release|Any CPU
	EndGlobalSection
	GlobalSection(ProjectConfigurationPlatforms) = postSolution
		{A7A8D86D-0F74-4954-98C1-BEB1A9373327}.Debug|Any CPU.ActiveCfg = Debug|Any CPU
		{A7A8D86D-0F74-4954-98C1-BEB1A9373327}.Debug|Any CPU.Build.0 = Debug|Any CPU
		{A7A8D86D-0F74-4954-98C1-BEB1A9373327}.Release|Any CPU.ActiveCfg = Release|Any CPU
		{A7A8D86D-0F74-4954-98C1-BEB1A9373327}.Release|Any CPU.Build.0 = Release|Any CPU
	EndGlobalSection
	GlobalSection(SolutionProperties) = preSolution
		HideSolutionNode = FALSE
	EndGlobalSection
	GlobalSection(NestedProjects) = preSolution
		{A7A8D86D-0F74-4954-98C1-BEB1A9373327} = {444E181F-3369-43A7-AB57-EA71C95DB207}
	EndGlobalSection
	GlobalSection(ExtensibilityGlobals) = postSolution
		SolutionGuid = {DFADBF70-59BB-428F-B959-BCC77901B387}
	EndGlobalSection
EndGlobal
